{
  "meteor": {
    "git": "https://github.com/meteor/meteor.git",
    "branch": "master",
    "commit": "5d736d4bf0448c7db1f9b47124dfafc34a9631bb"
  },
  "dependencies": {
    "basePackages": {
      "bootstrap-jasny": {}
    },
    "packages": {
      "bootstrap-jasny": {
        "git": "https://github.com/limeyd/meteor-bootstrap-jasny.git",
        "tag": "v1.1.0",
        "commit": "8ef08074dbfb60c462432c50957604cbef3e976d"
      }
    }
  }
}
